
Microsoft Visual Studio Solution File, Format Version 12.00
# Visual Studio 2015
Project("{FAE04EC0-301F-11D3-BF4B-00C04F79EFBC}") = "Lab1 DJV", "Lab1 DJV.csproj", "{9F3C9BCC-7D84-CC3D-8080-B92C2716C6EC}"
EndProject
Global
	GlobalSection(SolutionConfigurationPlatforms) = preSolution
		Debug|Any CPU = Debug|Any CPU
		Release|Any CPU = Release|Any CPU
	EndGlobalSection
	GlobalSection(ProjectConfigurationPlatforms) = postSolution
		{9F3C9BCC-7D84-CC3D-8080-B92C2716C6EC}.Debug|Any CPU.ActiveCfg = Debug|Any CPU
		{9F3C9BCC-7D84-CC3D-8080-B92C2716C6EC}.Debug|Any CPU.Build.0 = Debug|Any CPU
		{9F3C9BCC-7D84-CC3D-8080-B92C2716C6EC}.Release|Any CPU.ActiveCfg = Release|Any CPU
		{9F3C9BCC-7D84-CC3D-8080-B92C2716C6EC}.Release|Any CPU.Build.0 = Release|Any CPU
	EndGlobalSection
	GlobalSection(SolutionProperties) = preSolution
		HideSolutionNode = FALSE
	EndGlobalSection
EndGlobal
